# THIS IS AN AUTOGENERATED FILE. DO NOT EDIT THIS FILE DIRECTLY.
# yarn lockfile v1


pnpm@^10.33.0:
  version "10.33.0"
  resolved "https://registry.npmmirror.com/pnpm/-/pnpm-10.33.0.tgz#46a0bef28aad690765997ab6da6d5475bdd4148e"
  integrity sha512-EFaLtKavtYyes2MNqQzJUWQXq+vT+rvmc58K55VyjaFJHp21pUTHatjrdXD1xLs9bGN7LLQb/c20f6gjyGSTGQ==
